
Microsoft Visual Studio Solution File, Format Version 12.00
# Visual Studio Version 16
VisualStudioVersion = 16.0.29728.190
MinimumVisualStudioVersion = 10.0.40219.1
Project("{9A19103F-16F7-4668-BE54-9A1E7A4F7556}") = "01-HelloWorld", "01-HelloWorld\01-HelloWorld.csproj", "{E3B42760-7A33-4C92-9C75-592F25E8840F}"
EndProject
Project("{FAE04EC0-301F-11D3-BF4B-00C04F79EFBC}") = "02-Variables", "02-Variables\02-Variables.csproj", "{5FBC08C4-D33E-4877-AB59-EF10F5DC6B82}"
EndProject
Project("{FAE04EC0-301F-11D3-BF4B-00C04F79EFBC}") = "03-Conditions", "03-Conditions\03-Conditions.csproj", "{BCC3BC2B-2F70-4DFF-986E-B3E1C0A2C799}"
EndProject
Global
	GlobalSection(SolutionConfigurationPlatforms) = preSolution
		Debug|Any CPU = Debug|Any CPU
		Release|Any CPU = Release|Any CPU
	EndGlobalSection
	GlobalSection(ProjectConfigurationPlatforms) = postSolution
		{E3B42760-7A33-4C92-9C75-592F25E8840F}.Debug|Any CPU.ActiveCfg = Debug|Any CPU
		{E3B42760-7A33-4C92-9C75-592F25E8840F}.Debug|Any CPU.Build.0 = Debug|Any CPU
		{E3B42760-7A33-4C92-9C75-592F25E8840F}.Release|Any CPU.ActiveCfg = Release|Any CPU
		{E3B42760-7A33-4C92-9C75-592F25E8840F}.Release|Any CPU.Build.0 = Release|Any CPU
		{5FBC08C4-D33E-4877-AB59-EF10F5DC6B82}.Debug|Any CPU.ActiveCfg = Debug|Any CPU
		{5FBC08C4-D33E-4877-AB59-EF10F5DC6B82}.Debug|Any CPU.Build.0 = Debug|Any CPU
		{5FBC08C4-D33E-4877-AB59-EF10F5DC6B82}.Release|Any CPU.ActiveCfg = Release|Any CPU
		{5FBC08C4-D33E-4877-AB59-EF10F5DC6B82}.Release|Any CPU.Build.0 = Release|Any CPU
		{BCC3BC2B-2F70-4DFF-986E-B3E1C0A2C799}.Debug|Any CPU.ActiveCfg = Debug|Any CPU
		{BCC3BC2B-2F70-4DFF-986E-B3E1C0A2C799}.Debug|Any CPU.Build.0 = Debug|Any CPU
		{BCC3BC2B-2F70-4DFF-986E-B3E1C0A2C799}.Release|Any CPU.ActiveCfg = Release|Any CPU
		{BCC3BC2B-2F70-4DFF-986E-B3E1C0A2C799}.Release|Any CPU.Build.0 = Release|Any CPU
	EndGlobalSection
	GlobalSection(SolutionProperties) = preSolution
		HideSolutionNode = FALSE
	EndGlobalSection
	GlobalSection(ExtensibilityGlobals) = postSolution
		SolutionGuid = {AFE40981-6E36-4155-A104-4B6A7B938B5D}
	EndGlobalSection
EndGlobal
